
Microsoft Visual Studio Solution File, Format Version 12.00
# Visual Studio 15
VisualStudioVersion = 15.0.27130.2027
MinimumVisualStudioVersion = 10.0.40219.1
Project("{9A19103F-16F7-4668-BE54-9A1E7A4F7556}") = "Business", "Business\Business.csproj", "{8801D72D-C3F4-4BB1-8E51-D9A473A46713}"
EndProject
Project("{9A19103F-16F7-4668-BE54-9A1E7A4F7556}") = "CrossCuttingConcerns", "CrossCuttingConcerns\CrossCuttingConcerns.csproj", "{C7604CA7-6C54-4A4E-9198-43DEABEC991A}"
EndProject
Project("{9A19103F-16F7-4668-BE54-9A1E7A4F7556}") = "Domain", "Domain\Domain.csproj", "{E3473B98-062A-4941-B98E-849FA4906A4D}"
EndProject
Project("{9A19103F-16F7-4668-BE54-9A1E7A4F7556}") = "Banking.Accounts", "Banking.Accounts\Banking.Accounts.csproj", "{2C7A5753-B6A9-48D5-8C96-9C985AA6C44F}"
EndProject
Project("{9A19103F-16F7-4668-BE54-9A1E7A4F7556}") = "Persistence", "Persistence\Persistence.csproj", "{AB315864-BABD-4DE4-9542-2C00B53BF4C9}"
EndProject
Project("{2150E333-8FDC-42A3-9474-1A3956D46DE8}") = "src", "src", "{15C38BF4-1D52-4C42-BF76-82F5EC3E85C5}"
EndProject
Project("{2150E333-8FDC-42A3-9474-1A3956D46DE8}") = "tests", "tests", "{8CD2D5B8-9A50-4E8D-A6EC-C255A2D174FC}"
EndProject
Project("{9A19103F-16F7-4668-BE54-9A1E7A4F7556}") = "Banking.Accounts.Tests", "Banking.Accounts.Tests\Banking.Accounts.Tests.csproj", "{12E5B1B8-DB49-4AC0-897C-EF846F3D6E8F}"
EndProject
Project("{9A19103F-16F7-4668-BE54-9A1E7A4F7556}") = "Business.Tests", "Business.Tests\Business.Tests.csproj", "{24BC0DA4-663F-4835-AF57-B472D3734C51}"
EndProject
Project("{9A19103F-16F7-4668-BE54-9A1E7A4F7556}") = "CrossCuttingConcerns.Tests", "CrossCuttingConcerns.Tests\CrossCuttingConcerns.Tests.csproj", "{CAFD6B5E-E930-424C-935C-6C475DB325AB}"
EndProject
Project("{9A19103F-16F7-4668-BE54-9A1E7A4F7556}") = "Domain.Tests", "Domain.Tests\Domain.Tests.csproj", "{F1783FF3-04C7-4B6C-B6C6-3E6580C5EDC9}"
EndProject
Project("{9A19103F-16F7-4668-BE54-9A1E7A4F7556}") = "Persistence.Tests", "Persistence.Tests\Persistence.Tests.csproj", "{30330F30-8958-40E6-BE2E-6A4E59E9096C}"
EndProject
Project("{9A19103F-16F7-4668-BE54-9A1E7A4F7556}") = "SimpleIdGenerator", "IdGenerator\SimpleIdGenerator.csproj", "{E86A082F-8588-468C-BC92-894E8ECE70B0}"
EndProject
Project("{2150E333-8FDC-42A3-9474-1A3956D46DE8}") = "lib", "lib", "{5DEE075F-4C9F-4F93-80E9-A0D82F892B88}"
EndProject
Global
	GlobalSection(SolutionConfigurationPlatforms) = preSolution
		Debug|Any CPU = Debug|Any CPU
		Release|Any CPU = Release|Any CPU
	EndGlobalSection
	GlobalSection(ProjectConfigurationPlatforms) = postSolution
		{8801D72D-C3F4-4BB1-8E51-D9A473A46713}.Debug|Any CPU.ActiveCfg = Debug|Any CPU
		{8801D72D-C3F4-4BB1-8E51-D9A473A46713}.Debug|Any CPU.Build.0 = Debug|Any CPU
		{8801D72D-C3F4-4BB1-8E51-D9A473A46713}.Release|Any CPU.ActiveCfg = Release|Any CPU
		{8801D72D-C3F4-4BB1-8E51-D9A473A46713}.Release|Any CPU.Build.0 = Release|Any CPU
		{C7604CA7-6C54-4A4E-9198-43DEABEC991A}.Debug|Any CPU.ActiveCfg = Debug|Any CPU
		{C7604CA7-6C54-4A4E-9198-43DEABEC991A}.Debug|Any CPU.Build.0 = Debug|Any CPU
		{C7604CA7-6C54-4A4E-9198-43DEABEC991A}.Release|Any CPU.ActiveCfg = Release|Any CPU
		{C7604CA7-6C54-4A4E-9198-43DEABEC991A}.Release|Any CPU.Build.0 = Release|Any CPU
		{E3473B98-062A-4941-B98E-849FA4906A4D}.Debug|Any CPU.ActiveCfg = Debug|Any CPU
		{E3473B98-062A-4941-B98E-849FA4906A4D}.Debug|Any CPU.Build.0 = Debug|Any CPU
		{E3473B98-062A-4941-B98E-849FA4906A4D}.Release|Any CPU.ActiveCfg = Release|Any CPU
		{E3473B98-062A-4941-B98E-849FA4906A4D}.Release|Any CPU.Build.0 = Release|Any CPU
		{2C7A5753-B6A9-48D5-8C96-9C985AA6C44F}.Debug|Any CPU.ActiveCfg = Debug|Any CPU
		{2C7A5753-B6A9-48D5-8C96-9C985AA6C44F}.Debug|Any CPU.Build.0 = Debug|Any CPU
		{2C7A5753-B6A9-48D5-8C96-9C985AA6C44F}.Release|Any CPU.ActiveCfg = Release|Any CPU
		{2C7A5753-B6A9-48D5-8C96-9C985AA6C44F}.Release|Any CPU.Build.0 = Release|Any CPU
		{AB315864-BABD-4DE4-9542-2C00B53BF4C9}.Debug|Any CPU.ActiveCfg = Debug|Any CPU
		{AB315864-BABD-4DE4-9542-2C00B53BF4C9}.Debug|Any CPU.Build.0 = Debug|Any CPU
		{AB315864-BABD-4DE4-9542-2C00B53BF4C9}.Release|Any CPU.ActiveCfg = Release|Any CPU
		{AB315864-BABD-4DE4-9542-2C00B53BF4C9}.Release|Any CPU.Build.0 = Release|Any CPU
		{12E5B1B8-DB49-4AC0-897C-EF846F3D6E8F}.Debug|Any CPU.ActiveCfg = Debug|Any CPU
		{12E5B1B8-DB49-4AC0-897C-EF846F3D6E8F}.Debug|Any CPU.Build.0 = Debug|Any CPU
		{12E5B1B8-DB49-4AC0-897C-EF846F3D6E8F}.Release|Any CPU.ActiveCfg = Release|Any CPU
		{12E5B1B8-DB49-4AC0-897C-EF846F3D6E8F}.Release|Any CPU.Build.0 = Release|Any CPU
		{24BC0DA4-663F-4835-AF57-B472D3734C51}.Debug|Any CPU.ActiveCfg = Debug|Any CPU
		{24BC0DA4-663F-4835-AF57-B472D3734C51}.Debug|Any CPU.Build.0 = Debug|Any CPU
		{24BC0DA4-663F-4835-AF57-B472D3734C51}.Release|Any CPU.ActiveCfg = Release|Any CPU
		{24BC0DA4-663F-4835-AF57-B472D3734C51}.Release|Any CPU.Build.0 = Release|Any CPU
		{CAFD6B5E-E930-424C-935C-6C475DB325AB}.Debug|Any CPU.ActiveCfg = Debug|Any CPU
		{CAFD6B5E-E930-424C-935C-6C475DB325AB}.Debug|Any CPU.Build.0 = Debug|Any CPU
		{CAFD6B5E-E930-424C-935C-6C475DB325AB}.Release|Any CPU.ActiveCfg = Release|Any CPU
		{CAFD6B5E-E930-424C-935C-6C475DB325AB}.Release|Any CPU.Build.0 = Release|Any CPU
		{F1783FF3-04C7-4B6C-B6C6-3E6580C5EDC9}.Debug|Any CPU.ActiveCfg = Debug|Any CPU
		{F1783FF3-04C7-4B6C-B6C6-3E6580C5EDC9}.Debug|Any CPU.Build.0 = Debug|Any CPU
		{F1783FF3-04C7-4B6C-B6C6-3E6580C5EDC9}.Release|Any CPU.ActiveCfg = Release|Any CPU
		{F1783FF3-04C7-4B6C-B6C6-3E6580C5EDC9}.Release|Any CPU.Build.0 = Release|Any CPU
		{30330F30-8958-40E6-BE2E-6A4E59E9096C}.Debug|Any CPU.ActiveCfg = Debug|Any CPU
		{30330F30-8958-40E6-BE2E-6A4E59E9096C}.Debug|Any CPU.Build.0 = Debug|Any CPU
		{30330F30-8958-40E6-BE2E-6A4E59E9096C}.Release|Any CPU.ActiveCfg = Release|Any CPU
		{30330F30-8958-40E6-BE2E-6A4E59E9096C}.Release|Any CPU.Build.0 = Release|Any CPU
		{E86A082F-8588-468C-BC92-894E8ECE70B0}.Debug|Any CPU.ActiveCfg = Debug|Any CPU
		{E86A082F-8588-468C-BC92-894E8ECE70B0}.Debug|Any CPU.Build.0 = Debug|Any CPU
		{E86A082F-8588-468C-BC92-894E8ECE70B0}.Release|Any CPU.ActiveCfg = Release|Any CPU
		{E86A082F-8588-468C-BC92-894E8ECE70B0}.Release|Any CPU.Build.0 = Release|Any CPU
	EndGlobalSection
	GlobalSection(SolutionProperties) = preSolution
		HideSolutionNode = FALSE
	EndGlobalSection
	GlobalSection(NestedProjects) = preSolution
		{8801D72D-C3F4-4BB1-8E51-D9A473A46713} = {15C38BF4-1D52-4C42-BF76-82F5EC3E85C5}
		{C7604CA7-6C54-4A4E-9198-43DEABEC991A} = {15C38BF4-1D52-4C42-BF76-82F5EC3E85C5}
		{E3473B98-062A-4941-B98E-849FA4906A4D} = {15C38BF4-1D52-4C42-BF76-82F5EC3E85C5}
		{2C7A5753-B6A9-48D5-8C96-9C985AA6C44F} = {15C38BF4-1D52-4C42-BF76-82F5EC3E85C5}
		{AB315864-BABD-4DE4-9542-2C00B53BF4C9} = {15C38BF4-1D52-4C42-BF76-82F5EC3E85C5}
		{12E5B1B8-DB49-4AC0-897C-EF846F3D6E8F} = {8CD2D5B8-9A50-4E8D-A6EC-C255A2D174FC}
		{24BC0DA4-663F-4835-AF57-B472D3734C51} = {8CD2D5B8-9A50-4E8D-A6EC-C255A2D174FC}
		{CAFD6B5E-E930-424C-935C-6C475DB325AB} = {8CD2D5B8-9A50-4E8D-A6EC-C255A2D174FC}
		{F1783FF3-04C7-4B6C-B6C6-3E6580C5EDC9} = {8CD2D5B8-9A50-4E8D-A6EC-C255A2D174FC}
		{30330F30-8958-40E6-BE2E-6A4E59E9096C} = {8CD2D5B8-9A50-4E8D-A6EC-C255A2D174FC}
		{E86A082F-8588-468C-BC92-894E8ECE70B0} = {5DEE075F-4C9F-4F93-80E9-A0D82F892B88}
	EndGlobalSection
	GlobalSection(ExtensibilityGlobals) = postSolution
		SolutionGuid = {BB32D3E2-2830-4BF5-A2B6-55B7B523AF3A}
	EndGlobalSection
EndGlobal
