
Microsoft Visual Studio Solution File, Format Version 12.00
# Visual Studio 15
VisualStudioVersion = 15.0.27130.2027
MinimumVisualStudioVersion = 10.0.40219.1
Project("{FAE04EC0-301F-11D3-BF4B-00C04F79EFBC}") = "SomeApplication", "SomeApplication\SomeApplication.csproj", "{24F632D5-01C6-40DB-8039-F974E248C4C1}"
EndProject
Project("{FAE04EC0-301F-11D3-BF4B-00C04F79EFBC}") = "Domain", "Domain\Domain.csproj", "{AD0D936D-7A37-4B59-82A0-78A9ED5DD7ED}"
EndProject
Project("{FAE04EC0-301F-11D3-BF4B-00C04F79EFBC}") = "Business", "Business\Business.csproj", "{387D4352-3238-44BA-A618-6D306DC145B8}"
EndProject
Project("{FAE04EC0-301F-11D3-BF4B-00C04F79EFBC}") = "CrossCuttingConcern", "CrossCuttingConcern\CrossCuttingConcern.csproj", "{BD08B3AA-DC63-4083-9E59-833CBE32FC68}"
EndProject
Project("{FAE04EC0-301F-11D3-BF4B-00C04F79EFBC}") = "Services", "Services\Services.csproj", "{9FAA10EB-BE0F-4935-A439-E02CF28FE450}"
EndProject
Project("{2150E333-8FDC-42A3-9474-1A3956D46DE8}") = "tests", "tests", "{B11FC21A-C861-4435-8B7C-98B7A6F92AF7}"
EndProject
Project("{2150E333-8FDC-42A3-9474-1A3956D46DE8}") = "lib", "lib", "{7CD92F27-C46D-4E33-8C79-CC4540CED5CD}"
EndProject
Project("{2150E333-8FDC-42A3-9474-1A3956D46DE8}") = "src", "src", "{92CAC4F7-51EB-4AD9-A47E-7B5D097C5165}"
EndProject
Project("{FAE04EC0-301F-11D3-BF4B-00C04F79EFBC}") = "Business.Tests", "Business.Tests\Business.Tests.csproj", "{C3EE521F-51AB-4AFA-8872-856B125A838A}"
EndProject
Project("{FAE04EC0-301F-11D3-BF4B-00C04F79EFBC}") = "CrossCuttingConcern.Tests", "CrossCuttingConcern.Tests\CrossCuttingConcern.Tests.csproj", "{FF571B96-8116-4D7C-8297-111BDF356EAD}"
EndProject
Project("{FAE04EC0-301F-11D3-BF4B-00C04F79EFBC}") = "Domain.Tests", "Domain.Tests\Domain.Tests.csproj", "{D31BFFA7-0DF4-4DC0-B4C0-5BFCCF8FDA0E}"
EndProject
Project("{FAE04EC0-301F-11D3-BF4B-00C04F79EFBC}") = "Persistence.Tests", "Persistence.Tests\Persistence.Tests.csproj", "{5A469128-9CBF-493C-BF27-5B15100151EE}"
EndProject
Project("{FAE04EC0-301F-11D3-BF4B-00C04F79EFBC}") = "Services.Tests", "Services.Tests\Services.Tests.csproj", "{4CA237E9-E698-4CE0-88A6-CBD123E1333B}"
EndProject
Project("{FAE04EC0-301F-11D3-BF4B-00C04F79EFBC}") = "SomeApplication.Tests", "SomeApplication.Tests\SomeApplication.Tests.csproj", "{233CF527-F2E4-43CB-B8A1-4BEE7625D3F0}"
EndProject
Project("{FAE04EC0-301F-11D3-BF4B-00C04F79EFBC}") = "SomeApplication.Models", "SomeApplication.Models\SomeApplication.Models.csproj", "{1C530A5E-41DD-4897-82C5-F944CA0B7A6B}"
EndProject
Project("{FAE04EC0-301F-11D3-BF4B-00C04F79EFBC}") = "Persistence", "Persistence\Persistence.csproj", "{E90A5622-A0BB-4808-B66A-4D65E07C57C8}"
EndProject
Global
	GlobalSection(SolutionConfigurationPlatforms) = preSolution
		Debug|Any CPU = Debug|Any CPU
		Release|Any CPU = Release|Any CPU
	EndGlobalSection
	GlobalSection(ProjectConfigurationPlatforms) = postSolution
		{24F632D5-01C6-40DB-8039-F974E248C4C1}.Debug|Any CPU.ActiveCfg = Debug|Any CPU
		{24F632D5-01C6-40DB-8039-F974E248C4C1}.Debug|Any CPU.Build.0 = Debug|Any CPU
		{24F632D5-01C6-40DB-8039-F974E248C4C1}.Release|Any CPU.ActiveCfg = Release|Any CPU
		{24F632D5-01C6-40DB-8039-F974E248C4C1}.Release|Any CPU.Build.0 = Release|Any CPU
		{AD0D936D-7A37-4B59-82A0-78A9ED5DD7ED}.Debug|Any CPU.ActiveCfg = Debug|Any CPU
		{AD0D936D-7A37-4B59-82A0-78A9ED5DD7ED}.Debug|Any CPU.Build.0 = Debug|Any CPU
		{AD0D936D-7A37-4B59-82A0-78A9ED5DD7ED}.Release|Any CPU.ActiveCfg = Release|Any CPU
		{AD0D936D-7A37-4B59-82A0-78A9ED5DD7ED}.Release|Any CPU.Build.0 = Release|Any CPU
		{387D4352-3238-44BA-A618-6D306DC145B8}.Debug|Any CPU.ActiveCfg = Debug|Any CPU
		{387D4352-3238-44BA-A618-6D306DC145B8}.Debug|Any CPU.Build.0 = Debug|Any CPU
		{387D4352-3238-44BA-A618-6D306DC145B8}.Release|Any CPU.ActiveCfg = Release|Any CPU
		{387D4352-3238-44BA-A618-6D306DC145B8}.Release|Any CPU.Build.0 = Release|Any CPU
		{BD08B3AA-DC63-4083-9E59-833CBE32FC68}.Debug|Any CPU.ActiveCfg = Debug|Any CPU
		{BD08B3AA-DC63-4083-9E59-833CBE32FC68}.Debug|Any CPU.Build.0 = Debug|Any CPU
		{BD08B3AA-DC63-4083-9E59-833CBE32FC68}.Release|Any CPU.ActiveCfg = Release|Any CPU
		{BD08B3AA-DC63-4083-9E59-833CBE32FC68}.Release|Any CPU.Build.0 = Release|Any CPU
		{9FAA10EB-BE0F-4935-A439-E02CF28FE450}.Debug|Any CPU.ActiveCfg = Debug|Any CPU
		{9FAA10EB-BE0F-4935-A439-E02CF28FE450}.Debug|Any CPU.Build.0 = Debug|Any CPU
		{9FAA10EB-BE0F-4935-A439-E02CF28FE450}.Release|Any CPU.ActiveCfg = Release|Any CPU
		{9FAA10EB-BE0F-4935-A439-E02CF28FE450}.Release|Any CPU.Build.0 = Release|Any CPU
		{C3EE521F-51AB-4AFA-8872-856B125A838A}.Debug|Any CPU.ActiveCfg = Debug|Any CPU
		{C3EE521F-51AB-4AFA-8872-856B125A838A}.Debug|Any CPU.Build.0 = Debug|Any CPU
		{C3EE521F-51AB-4AFA-8872-856B125A838A}.Release|Any CPU.ActiveCfg = Release|Any CPU
		{C3EE521F-51AB-4AFA-8872-856B125A838A}.Release|Any CPU.Build.0 = Release|Any CPU
		{FF571B96-8116-4D7C-8297-111BDF356EAD}.Debug|Any CPU.ActiveCfg = Debug|Any CPU
		{FF571B96-8116-4D7C-8297-111BDF356EAD}.Debug|Any CPU.Build.0 = Debug|Any CPU
		{FF571B96-8116-4D7C-8297-111BDF356EAD}.Release|Any CPU.ActiveCfg = Release|Any CPU
		{FF571B96-8116-4D7C-8297-111BDF356EAD}.Release|Any CPU.Build.0 = Release|Any CPU
		{D31BFFA7-0DF4-4DC0-B4C0-5BFCCF8FDA0E}.Debug|Any CPU.ActiveCfg = Debug|Any CPU
		{D31BFFA7-0DF4-4DC0-B4C0-5BFCCF8FDA0E}.Debug|Any CPU.Build.0 = Debug|Any CPU
		{D31BFFA7-0DF4-4DC0-B4C0-5BFCCF8FDA0E}.Release|Any CPU.ActiveCfg = Release|Any CPU
		{D31BFFA7-0DF4-4DC0-B4C0-5BFCCF8FDA0E}.Release|Any CPU.Build.0 = Release|Any CPU
		{5A469128-9CBF-493C-BF27-5B15100151EE}.Debug|Any CPU.ActiveCfg = Debug|Any CPU
		{5A469128-9CBF-493C-BF27-5B15100151EE}.Debug|Any CPU.Build.0 = Debug|Any CPU
		{5A469128-9CBF-493C-BF27-5B15100151EE}.Release|Any CPU.ActiveCfg = Release|Any CPU
		{5A469128-9CBF-493C-BF27-5B15100151EE}.Release|Any CPU.Build.0 = Release|Any CPU
		{4CA237E9-E698-4CE0-88A6-CBD123E1333B}.Debug|Any CPU.ActiveCfg = Debug|Any CPU
		{4CA237E9-E698-4CE0-88A6-CBD123E1333B}.Debug|Any CPU.Build.0 = Debug|Any CPU
		{4CA237E9-E698-4CE0-88A6-CBD123E1333B}.Release|Any CPU.ActiveCfg = Release|Any CPU
		{4CA237E9-E698-4CE0-88A6-CBD123E1333B}.Release|Any CPU.Build.0 = Release|Any CPU
		{233CF527-F2E4-43CB-B8A1-4BEE7625D3F0}.Debug|Any CPU.ActiveCfg = Debug|Any CPU
		{233CF527-F2E4-43CB-B8A1-4BEE7625D3F0}.Debug|Any CPU.Build.0 = Debug|Any CPU
		{233CF527-F2E4-43CB-B8A1-4BEE7625D3F0}.Release|Any CPU.ActiveCfg = Release|Any CPU
		{233CF527-F2E4-43CB-B8A1-4BEE7625D3F0}.Release|Any CPU.Build.0 = Release|Any CPU
		{1C530A5E-41DD-4897-82C5-F944CA0B7A6B}.Debug|Any CPU.ActiveCfg = Debug|Any CPU
		{1C530A5E-41DD-4897-82C5-F944CA0B7A6B}.Debug|Any CPU.Build.0 = Debug|Any CPU
		{1C530A5E-41DD-4897-82C5-F944CA0B7A6B}.Release|Any CPU.ActiveCfg = Release|Any CPU
		{1C530A5E-41DD-4897-82C5-F944CA0B7A6B}.Release|Any CPU.Build.0 = Release|Any CPU
		{E90A5622-A0BB-4808-B66A-4D65E07C57C8}.Debug|Any CPU.ActiveCfg = Debug|Any CPU
		{E90A5622-A0BB-4808-B66A-4D65E07C57C8}.Debug|Any CPU.Build.0 = Debug|Any CPU
		{E90A5622-A0BB-4808-B66A-4D65E07C57C8}.Release|Any CPU.ActiveCfg = Release|Any CPU
		{E90A5622-A0BB-4808-B66A-4D65E07C57C8}.Release|Any CPU.Build.0 = Release|Any CPU
	EndGlobalSection
	GlobalSection(SolutionProperties) = preSolution
		HideSolutionNode = FALSE
	EndGlobalSection
	GlobalSection(NestedProjects) = preSolution
		{24F632D5-01C6-40DB-8039-F974E248C4C1} = {92CAC4F7-51EB-4AD9-A47E-7B5D097C5165}
		{AD0D936D-7A37-4B59-82A0-78A9ED5DD7ED} = {92CAC4F7-51EB-4AD9-A47E-7B5D097C5165}
		{387D4352-3238-44BA-A618-6D306DC145B8} = {92CAC4F7-51EB-4AD9-A47E-7B5D097C5165}
		{BD08B3AA-DC63-4083-9E59-833CBE32FC68} = {92CAC4F7-51EB-4AD9-A47E-7B5D097C5165}
		{9FAA10EB-BE0F-4935-A439-E02CF28FE450} = {92CAC4F7-51EB-4AD9-A47E-7B5D097C5165}
		{C3EE521F-51AB-4AFA-8872-856B125A838A} = {B11FC21A-C861-4435-8B7C-98B7A6F92AF7}
		{FF571B96-8116-4D7C-8297-111BDF356EAD} = {B11FC21A-C861-4435-8B7C-98B7A6F92AF7}
		{D31BFFA7-0DF4-4DC0-B4C0-5BFCCF8FDA0E} = {B11FC21A-C861-4435-8B7C-98B7A6F92AF7}
		{5A469128-9CBF-493C-BF27-5B15100151EE} = {B11FC21A-C861-4435-8B7C-98B7A6F92AF7}
		{4CA237E9-E698-4CE0-88A6-CBD123E1333B} = {B11FC21A-C861-4435-8B7C-98B7A6F92AF7}
		{233CF527-F2E4-43CB-B8A1-4BEE7625D3F0} = {B11FC21A-C861-4435-8B7C-98B7A6F92AF7}
		{1C530A5E-41DD-4897-82C5-F944CA0B7A6B} = {7CD92F27-C46D-4E33-8C79-CC4540CED5CD}
		{E90A5622-A0BB-4808-B66A-4D65E07C57C8} = {92CAC4F7-51EB-4AD9-A47E-7B5D097C5165}
	EndGlobalSection
	GlobalSection(ExtensibilityGlobals) = postSolution
		SolutionGuid = {85BE30BB-384D-4F39-9A4D-F84B96E92B02}
	EndGlobalSection
EndGlobal
